
Microsoft Visual Studio Solution File, Format Version 12.00
# Visual Studio 15
VisualStudioVersion = 15.0.28010.2041
MinimumVisualStudioVersion = 10.0.40219.1
Project("{FAE04EC0-301F-11D3-BF4B-00C04F79EFBC}") = "Citrusbyte", "Citrusbyte\Citrusbyte.csproj", "{FC6CE26C-CC14-4E5D-8BD4-F3CFB9FC7EA2}"
EndProject
Global
	GlobalSection(SolutionConfigurationPlatforms) = preSolution
		Debug|Any CPU = Debug|Any CPU
		Release|Any CPU = Release|Any CPU
	EndGlobalSection
	GlobalSection(ProjectConfigurationPlatforms) = postSolution
		{FC6CE26C-CC14-4E5D-8BD4-F3CFB9FC7EA2}.Debug|Any CPU.ActiveCfg = Debug|Any CPU
		{FC6CE26C-CC14-4E5D-8BD4-F3CFB9FC7EA2}.Debug|Any CPU.Build.0 = Debug|Any CPU
		{FC6CE26C-CC14-4E5D-8BD4-F3CFB9FC7EA2}.Release|Any CPU.ActiveCfg = Release|Any CPU
		{FC6CE26C-CC14-4E5D-8BD4-F3CFB9FC7EA2}.Release|Any CPU.Build.0 = Release|Any CPU
		{55875519-8FF1-4441-8433-801668040792}.Debug|Any CPU.ActiveCfg = Debug|Any CPU
		{55875519-8FF1-4441-8433-801668040792}.Debug|Any CPU.Build.0 = Debug|Any CPU
		{55875519-8FF1-4441-8433-801668040792}.Release|Any CPU.ActiveCfg = Release|Any CPU
		{55875519-8FF1-4441-8433-801668040792}.Release|Any CPU.Build.0 = Release|Any CPU
	EndGlobalSection
	GlobalSection(SolutionProperties) = preSolution
		HideSolutionNode = FALSE
	EndGlobalSection
	GlobalSection(ExtensibilityGlobals) = postSolution
		SolutionGuid = {DA655DBB-A0F7-4584-BFB9-4C6FABB1BEEA}
	EndGlobalSection
EndGlobal
